
Microsoft Visual Studio Solution File, Format Version 12.00
# Visual Studio Version 17
VisualStudioVersion = 17.0.32014.148
MinimumVisualStudioVersion = 10.0.40219.1
Project("{FAE04EC0-301F-11D3-BF4B-00C04F79EFBC}") = "parts", "parts\parts.csproj", "{ADDBA74B-E78A-4DFB-A40E-FE211954FB58}"
EndProject
Global
	GlobalSection(SolutionConfigurationPlatforms) = preSolution
		Debug|Any CPU = Debug|Any CPU
		Release|Any CPU = Release|Any CPU
	EndGlobalSection
	GlobalSection(ProjectConfigurationPlatforms) = postSolution
		{ADDBA74B-E78A-4DFB-A40E-FE211954FB58}.Debug|Any CPU.ActiveCfg = Debug|Any CPU
		{ADDBA74B-E78A-4DFB-A40E-FE211954FB58}.Debug|Any CPU.Build.0 = Debug|Any CPU
		{ADDBA74B-E78A-4DFB-A40E-FE211954FB58}.Release|Any CPU.ActiveCfg = Release|Any CPU
		{ADDBA74B-E78A-4DFB-A40E-FE211954FB58}.Release|Any CPU.Build.0 = Release|Any CPU
	EndGlobalSection
	GlobalSection(SolutionProperties) = preSolution
		HideSolutionNode = FALSE
	EndGlobalSection
	GlobalSection(ExtensibilityGlobals) = postSolution
		SolutionGuid = {646B5B8C-CDFB-406D-B9A5-5E308FEEB9C9}
	EndGlobalSection
EndGlobal
